
Microsoft Visual Studio Solution File, Format Version 12.00
# Visual Studio Version 16
VisualStudioVersion = 16.0.30517.126
MinimumVisualStudioVersion = 10.0.40219.1
Project("{FAE04EC0-301F-11D3-BF4B-00C04F79EFBC}") = "PedidosYa", "PedidosYa.csproj", "{0A12276C-FFE9-4CBD-B382-46B6F150CB8E}"
EndProject
Global
	GlobalSection(SolutionConfigurationPlatforms) = preSolution
		Debug|Any CPU = Debug|Any CPU
		Release|Any CPU = Release|Any CPU
	EndGlobalSection
	GlobalSection(ProjectConfigurationPlatforms) = postSolution
		{0A12276C-FFE9-4CBD-B382-46B6F150CB8E}.Debug|Any CPU.ActiveCfg = Debug|Any CPU
		{0A12276C-FFE9-4CBD-B382-46B6F150CB8E}.Debug|Any CPU.Build.0 = Debug|Any CPU
		{0A12276C-FFE9-4CBD-B382-46B6F150CB8E}.Release|Any CPU.ActiveCfg = Release|Any CPU
		{0A12276C-FFE9-4CBD-B382-46B6F150CB8E}.Release|Any CPU.Build.0 = Release|Any CPU
	EndGlobalSection
	GlobalSection(SolutionProperties) = preSolution
		HideSolutionNode = FALSE
	EndGlobalSection
	GlobalSection(ExtensibilityGlobals) = postSolution
		SolutionGuid = {4A7E1E25-7A35-461C-BDDF-2FFFD4FD42C0}
	EndGlobalSection
EndGlobal
